{
  "name": "dss",
  "version": "1.0.0",
  "lockfileVersion": 1,
  "requires": true,
  "dependencies": {
    "experss": {
      "version": "0.0.1-security",
      "resolved": "https://registry.npmjs.org/experss/-/experss-0.0.1-security.tgz",
      "integrity": "sha512-L2HxG73D04Y/U/YOryT50t8SlN+ZAX0MPTX6QyduHSBnGDXTAxRb+6z7buDjAmV/zPPnCan62k5vL0dsGmhBLg==",
      "dev": true
    }
  }
}
